
Microsoft Visual Studio Solution File, Format Version 12.00
# Visual Studio Version 17
VisualStudioVersion = 17.5.001.0
MinimumVisualStudioVersion = 10.0.40219.1
Project("{9A19103F-16F7-4668-BE54-9A1E7A4F7556}") = "zadacha_13", "zadacha15\zadacha_13.csproj", "{035DAFE0-63B2-429C-B900-E4F61970BB60}"
EndProject
Project("{9A19103F-16F7-4668-BE54-9A1E7A4F7556}") = "zadacha_15", "zadacha13\zadacha_15.csproj", "{D51B1173-E57B-4D1C-9CEB-5AB0A1105C4F}"
EndProject
Project("{9A19103F-16F7-4668-BE54-9A1E7A4F7556}") = "test", "zadacha10\test.csproj", "{25300CE8-2702-46DB-AD0F-617D08715F02}"
EndProject
Global
	GlobalSection(SolutionConfigurationPlatforms) = preSolution
		Debug|Any CPU = Debug|Any CPU
		Release|Any CPU = Release|Any CPU
	EndGlobalSection
	GlobalSection(ProjectConfigurationPlatforms) = postSolution
		{035DAFE0-63B2-429C-B900-E4F61970BB60}.Debug|Any CPU.ActiveCfg = Debug|Any CPU
		{035DAFE0-63B2-429C-B900-E4F61970BB60}.Debug|Any CPU.Build.0 = Debug|Any CPU
		{035DAFE0-63B2-429C-B900-E4F61970BB60}.Release|Any CPU.ActiveCfg = Release|Any CPU
		{035DAFE0-63B2-429C-B900-E4F61970BB60}.Release|Any CPU.Build.0 = Release|Any CPU
		{D51B1173-E57B-4D1C-9CEB-5AB0A1105C4F}.Debug|Any CPU.ActiveCfg = Debug|Any CPU
		{D51B1173-E57B-4D1C-9CEB-5AB0A1105C4F}.Debug|Any CPU.Build.0 = Debug|Any CPU
		{D51B1173-E57B-4D1C-9CEB-5AB0A1105C4F}.Release|Any CPU.ActiveCfg = Release|Any CPU
		{D51B1173-E57B-4D1C-9CEB-5AB0A1105C4F}.Release|Any CPU.Build.0 = Release|Any CPU
		{25300CE8-2702-46DB-AD0F-617D08715F02}.Debug|Any CPU.ActiveCfg = Debug|Any CPU
		{25300CE8-2702-46DB-AD0F-617D08715F02}.Debug|Any CPU.Build.0 = Debug|Any CPU
		{25300CE8-2702-46DB-AD0F-617D08715F02}.Release|Any CPU.ActiveCfg = Release|Any CPU
		{25300CE8-2702-46DB-AD0F-617D08715F02}.Release|Any CPU.Build.0 = Release|Any CPU
	EndGlobalSection
	GlobalSection(SolutionProperties) = preSolution
		HideSolutionNode = FALSE
	EndGlobalSection
	GlobalSection(ExtensibilityGlobals) = postSolution
		SolutionGuid = {AD7A1C4B-7C9D-4152-AD40-EC87889C5728}
	EndGlobalSection
EndGlobal
